
Microsoft Visual Studio Solution File, Format Version 12.00
# Visual Studio Version 17
VisualStudioVersion = 17.0.31903.59
MinimumVisualStudioVersion = 10.0.40219.1
Project("{FAE04EC0-301F-11D3-BF4B-00C04F79EFBC}") = "MicroApiFramework", "MicroApiFramework\MicroApiFramework.csproj", "{FCD79528-41D3-4363-8C9B-C450D79CAF4B}"
EndProject
Global
	GlobalSection(SolutionConfigurationPlatforms) = preSolution
		Debug|Any CPU = Debug|Any CPU
		Release|Any CPU = Release|Any CPU
	EndGlobalSection
	GlobalSection(SolutionProperties) = preSolution
		HideSolutionNode = FALSE
	EndGlobalSection
	GlobalSection(ProjectConfigurationPlatforms) = postSolution
		{FCD79528-41D3-4363-8C9B-C450D79CAF4B}.Debug|Any CPU.ActiveCfg = Debug|Any CPU
		{FCD79528-41D3-4363-8C9B-C450D79CAF4B}.Debug|Any CPU.Build.0 = Debug|Any CPU
		{FCD79528-41D3-4363-8C9B-C450D79CAF4B}.Release|Any CPU.ActiveCfg = Release|Any CPU
		{FCD79528-41D3-4363-8C9B-C450D79CAF4B}.Release|Any CPU.Build.0 = Release|Any CPU
	EndGlobalSection
EndGlobal
