
Microsoft Visual Studio Solution File, Format Version 12.00
# Visual Studio Version 17
VisualStudioVersion = 17.0.31903.59
MinimumVisualStudioVersion = 10.0.40219.1
Project("{FAE04EC0-301F-11D3-BF4B-00C04F79EFBC}") = "HttpSelfHostConsole", "Src\HttpSelfHostConsole\HttpSelfHostConsole.csproj", "{D8D2D1A2-89D8-4663-9269-7BBA7DC4A1EA}"
EndProject
Global
	GlobalSection(SolutionConfigurationPlatforms) = preSolution
		Debug|Any CPU = Debug|Any CPU
		Release|Any CPU = Release|Any CPU
	EndGlobalSection
	GlobalSection(ProjectConfigurationPlatforms) = postSolution
		{D8D2D1A2-89D8-4663-9269-7BBA7DC4A1EA}.Debug|Any CPU.ActiveCfg = Debug|Any CPU
		{D8D2D1A2-89D8-4663-9269-7BBA7DC4A1EA}.Debug|Any CPU.Build.0 = Debug|Any CPU
		{D8D2D1A2-89D8-4663-9269-7BBA7DC4A1EA}.Release|Any CPU.ActiveCfg = Release|Any CPU
		{D8D2D1A2-89D8-4663-9269-7BBA7DC4A1EA}.Release|Any CPU.Build.0 = Release|Any CPU
	EndGlobalSection
	GlobalSection(SolutionProperties) = preSolution
		HideSolutionNode = FALSE
	EndGlobalSection
	GlobalSection(ExtensibilityGlobals) = postSolution
		SolutionGuid = {BE096352-1B78-49AF-BE93-E17E02047031}
	EndGlobalSection
EndGlobal
