
Microsoft Visual Studio Solution File, Format Version 12.00
# Visual Studio Version 17
VisualStudioVersion = 17.8.34330.188
MinimumVisualStudioVersion = 10.0.40219.1
Project("{FAE04EC0-301F-11D3-BF4B-00C04F79EFBC}") = "MicroWebFramework", "MicroWebFramework.csproj", "{F3CE75A3-4882-426C-B74C-B20D59D49810}"
EndProject
Global
	GlobalSection(SolutionConfigurationPlatforms) = preSolution
		Debug|Any CPU = Debug|Any CPU
		Release|Any CPU = Release|Any CPU
	EndGlobalSection
	GlobalSection(ProjectConfigurationPlatforms) = postSolution
		{F3CE75A3-4882-426C-B74C-B20D59D49810}.Debug|Any CPU.ActiveCfg = Debug|Any CPU
		{F3CE75A3-4882-426C-B74C-B20D59D49810}.Debug|Any CPU.Build.0 = Debug|Any CPU
		{F3CE75A3-4882-426C-B74C-B20D59D49810}.Release|Any CPU.ActiveCfg = Release|Any CPU
		{F3CE75A3-4882-426C-B74C-B20D59D49810}.Release|Any CPU.Build.0 = Release|Any CPU
	EndGlobalSection
	GlobalSection(SolutionProperties) = preSolution
		HideSolutionNode = FALSE
	EndGlobalSection
	GlobalSection(ExtensibilityGlobals) = postSolution
		SolutionGuid = {ABBB27BE-116A-43B6-86BC-A395A43C9A7E}
	EndGlobalSection
EndGlobal
